{
  "sources": {
    "mysql": {
      "locked_version": "3.0.12"
    },
    "nginx": {
      "locked_version": "2.0.4"
    },
    "yum-update": {
      "path": "./site-cookbooks/yum-update"
    },
    "td-agent": {
      "locked_version": "0.0.1",
      "git": "https://github.com/treasure-data/chef-td-agent.git",
      "ref": "e59c017560cebc689f23827c368e5be9c6b2b77d"
    },
    "openssl": {
      "locked_version": "1.1.0"
    },
    "build-essential": {
      "locked_version": "1.4.2"
    },
    "apt": {
      "locked_version": "2.3.0"
    },
    "bluepill": {
      "locked_version": "2.3.0"
    },
    "rsyslog": {
      "locked_version": "1.9.0"
    },
    "ohai": {
      "locked_version": "1.1.12"
    },
    "runit": {
      "locked_version": "1.4.0"
    },
    "yum": {
      "locked_version": "2.4.4"
    }
  }
}
