{
  "sources": {
    "mysql": {
      "locked_version": "3.0.12"
    },
    "nginx": {
      "locked_version": "2.0.4"
    },
    "yum-update": {
      "path": "./site-cookbooks/yum-update"
    },
    "td-agent": {
      "locked_version": "0.0.1",
      "git": "https://github.com/treasure-data/chef-td-agent.git",
      "ref": "e59c017560cebc689f23827c368e5be9c6b2b77d"
    },
    "elasticsearch": {
      "locked_version": "0.3.7"
    },
    "kibana": {
      "locked_version": "1.2.0",
      "git": "https://github.com/lusis/chef-kibana.git",
      "ref": "0a7c04d8b21fbc747245e20409f4466f4b3a87c8"
    },
    "git": {
      "locked_version": "2.7.0"
    },
    "openssl": {
      "locked_version": "1.1.0"
    },
    "build-essential": {
      "locked_version": "1.4.2"
    },
    "apt": {
      "locked_version": "2.3.0"
    },
    "bluepill": {
      "locked_version": "2.3.0"
    },
    "rsyslog": {
      "locked_version": "1.9.0"
    },
    "ohai": {
      "locked_version": "1.1.12"
    },
    "runit": {
      "locked_version": "1.4.0"
    },
    "yum": {
      "locked_version": "2.4.4"
    },
    "xml": {
      "locked_version": "1.2.0"
    },
    "java": {
      "locked_version": "1.16.0"
    },
    "windows": {
      "locked_version": "1.11.0"
    },
    "chef_handler": {
      "locked_version": "1.1.4"
    },
    "aws": {
      "locked_version": "1.0.0"
    },
    "monit": {
      "locked_version": "0.7.1"
    },
    "ark": {
      "locked_version": "0.4.0"
    },
    "apache2": {
      "locked_version": "1.8.4"
    },
    "dmg": {
      "locked_version": "2.0.8"
    }
  }
}
